
Microsoft Visual Studio Solution File, Format Version 12.00
# Visual Studio Version 16
VisualStudioVersion = 16.0.28803.156
MinimumVisualStudioVersion = 10.0.40219.1
Project("{9A19103F-16F7-4668-BE54-9A1E7A4F7556}") = "BTM.Database", "BTM.Database\BTM.Database.csproj", "{36FE6851-F636-48AE-A718-A55D5F087087}"
EndProject
Project("{9A19103F-16F7-4668-BE54-9A1E7A4F7556}") = "BTM.WebAPI", "BTM.WebAPI\BTM.WebAPI.csproj", "{A1CB81AB-6B21-4200-AA05-A25718D16A7A}"
EndProject
Project("{9A19103F-16F7-4668-BE54-9A1E7A4F7556}") = "BTM.Models", "BTM.Models\BTM.Models.csproj", "{4F90AE56-A10B-4A16-A230-AA1595EAEF91}"
EndProject
Project("{FAE04EC0-301F-11D3-BF4B-00C04F79EFBC}") = "BTM.WinUI", "BTM.WinUI\BTM.WinUI.csproj", "{EFDE11A2-C064-4189-82CF-31AA4BB6EB70}"
EndProject
Project("{2150E333-8FDC-42A3-9474-1A3956D46DE8}") = "BTM.Mobile", "BTM.Mobile", "{9F758995-B9A9-4ED1-97A6-EAE9F9E75F09}"
EndProject
Project("{FAE04EC0-301F-11D3-BF4B-00C04F79EFBC}") = "BTM.MobileApp.UWP", "BTM.MobileApp\BTM.MobileApp.UWP\BTM.MobileApp.UWP.csproj", "{99AD928A-10C3-4A3B-98F8-968E08A3C615}"
EndProject
Project("{FAE04EC0-301F-11D3-BF4B-00C04F79EFBC}") = "BTM.MobileApp.Android", "BTM.MobileApp\BTM.MobileApp.Android\BTM.MobileApp.Android.csproj", "{3629DD45-E76F-4652-A3A5-B58033266A10}"
EndProject
Project("{9A19103F-16F7-4668-BE54-9A1E7A4F7556}") = "BTM.MobileApp", "BTM.MobileApp\BTM.MobileApp\BTM.MobileApp.csproj", "{1DF0A626-D0CF-431A-B6E0-360D3984906D}"
EndProject
Global
	GlobalSection(SolutionConfigurationPlatforms) = preSolution
		Debug|Any CPU = Debug|Any CPU
		Debug|ARM = Debug|ARM
		Debug|iPhone = Debug|iPhone
		Debug|iPhoneSimulator = Debug|iPhoneSimulator
		Debug|x64 = Debug|x64
		Debug|x86 = Debug|x86
		Release|Any CPU = Release|Any CPU
		Release|ARM = Release|ARM
		Release|iPhone = Release|iPhone
		Release|iPhoneSimulator = Release|iPhoneSimulator
		Release|x64 = Release|x64
		Release|x86 = Release|x86
	EndGlobalSection
	GlobalSection(ProjectConfigurationPlatforms) = postSolution
		{36FE6851-F636-48AE-A718-A55D5F087087}.Debug|Any CPU.ActiveCfg = Debug|Any CPU
		{36FE6851-F636-48AE-A718-A55D5F087087}.Debug|Any CPU.Build.0 = Debug|Any CPU
		{36FE6851-F636-48AE-A718-A55D5F087087}.Debug|ARM.ActiveCfg = Debug|Any CPU
		{36FE6851-F636-48AE-A718-A55D5F087087}.Debug|ARM.Build.0 = Debug|Any CPU
		{36FE6851-F636-48AE-A718-A55D5F087087}.Debug|iPhone.ActiveCfg = Debug|Any CPU
		{36FE6851-F636-48AE-A718-A55D5F087087}.Debug|iPhone.Build.0 = Debug|Any CPU
		{36FE6851-F636-48AE-A718-A55D5F087087}.Debug|iPhoneSimulator.ActiveCfg = Debug|Any CPU
		{36FE6851-F636-48AE-A718-A55D5F087087}.Debug|iPhoneSimulator.Build.0 = Debug|Any CPU
		{36FE6851-F636-48AE-A718-A55D5F087087}.Debug|x64.ActiveCfg = Debug|Any CPU
		{36FE6851-F636-48AE-A718-A55D5F087087}.Debug|x64.Build.0 = Debug|Any CPU
		{36FE6851-F636-48AE-A718-A55D5F087087}.Debug|x86.ActiveCfg = Debug|Any CPU
		{36FE6851-F636-48AE-A718-A55D5F087087}.Debug|x86.Build.0 = Debug|Any CPU
		{36FE6851-F636-48AE-A718-A55D5F087087}.Release|Any CPU.ActiveCfg = Release|Any CPU
		{36FE6851-F636-48AE-A718-A55D5F087087}.Release|Any CPU.Build.0 = Release|Any CPU
		{36FE6851-F636-48AE-A718-A55D5F087087}.Release|ARM.ActiveCfg = Release|Any CPU
		{36FE6851-F636-48AE-A718-A55D5F087087}.Release|ARM.Build.0 = Release|Any CPU
		{36FE6851-F636-48AE-A718-A55D5F087087}.Release|iPhone.ActiveCfg = Release|Any CPU
		{36FE6851-F636-48AE-A718-A55D5F087087}.Release|iPhone.Build.0 = Release|Any CPU
		{36FE6851-F636-48AE-A718-A55D5F087087}.Release|iPhoneSimulator.ActiveCfg = Release|Any CPU
		{36FE6851-F636-48AE-A718-A55D5F087087}.Release|iPhoneSimulator.Build.0 = Release|Any CPU
		{36FE6851-F636-48AE-A718-A55D5F087087}.Release|x64.ActiveCfg = Release|Any CPU
		{36FE6851-F636-48AE-A718-A55D5F087087}.Release|x64.Build.0 = Release|Any CPU
		{36FE6851-F636-48AE-A718-A55D5F087087}.Release|x86.ActiveCfg = Release|Any CPU
		{36FE6851-F636-48AE-A718-A55D5F087087}.Release|x86.Build.0 = Release|Any CPU
		{A1CB81AB-6B21-4200-AA05-A25718D16A7A}.Debug|Any CPU.ActiveCfg = Debug|Any CPU
		{A1CB81AB-6B21-4200-AA05-A25718D16A7A}.Debug|Any CPU.Build.0 = Debug|Any CPU
		{A1CB81AB-6B21-4200-AA05-A25718D16A7A}.Debug|ARM.ActiveCfg = Debug|Any CPU
		{A1CB81AB-6B21-4200-AA05-A25718D16A7A}.Debug|ARM.Build.0 = Debug|Any CPU
		{A1CB81AB-6B21-4200-AA05-A25718D16A7A}.Debug|iPhone.ActiveCfg = Debug|Any CPU
		{A1CB81AB-6B21-4200-AA05-A25718D16A7A}.Debug|iPhone.Build.0 = Debug|Any CPU
		{A1CB81AB-6B21-4200-AA05-A25718D16A7A}.Debug|iPhoneSimulator.ActiveCfg = Debug|Any CPU
		{A1CB81AB-6B21-4200-AA05-A25718D16A7A}.Debug|iPhoneSimulator.Build.0 = Debug|Any CPU
		{A1CB81AB-6B21-4200-AA05-A25718D16A7A}.Debug|x64.ActiveCfg = Debug|Any CPU
		{A1CB81AB-6B21-4200-AA05-A25718D16A7A}.Debug|x64.Build.0 = Debug|Any CPU
		{A1CB81AB-6B21-4200-AA05-A25718D16A7A}.Debug|x86.ActiveCfg = Debug|Any CPU
		{A1CB81AB-6B21-4200-AA05-A25718D16A7A}.Debug|x86.Build.0 = Debug|Any CPU
		{A1CB81AB-6B21-4200-AA05-A25718D16A7A}.Release|Any CPU.ActiveCfg = Release|Any CPU
		{A1CB81AB-6B21-4200-AA05-A25718D16A7A}.Release|Any CPU.Build.0 = Release|Any CPU
		{A1CB81AB-6B21-4200-AA05-A25718D16A7A}.Release|ARM.ActiveCfg = Release|Any CPU
		{A1CB81AB-6B21-4200-AA05-A25718D16A7A}.Release|ARM.Build.0 = Release|Any CPU
		{A1CB81AB-6B21-4200-AA05-A25718D16A7A}.Release|iPhone.ActiveCfg = Release|Any CPU
		{A1CB81AB-6B21-4200-AA05-A25718D16A7A}.Release|iPhone.Build.0 = Release|Any CPU
		{A1CB81AB-6B21-4200-AA05-A25718D16A7A}.Release|iPhoneSimulator.ActiveCfg = Release|Any CPU
		{A1CB81AB-6B21-4200-AA05-A25718D16A7A}.Release|iPhoneSimulator.Build.0 = Release|Any CPU
		{A1CB81AB-6B21-4200-AA05-A25718D16A7A}.Release|x64.ActiveCfg = Release|Any CPU
		{A1CB81AB-6B21-4200-AA05-A25718D16A7A}.Release|x64.Build.0 = Release|Any CPU
		{A1CB81AB-6B21-4200-AA05-A25718D16A7A}.Release|x86.ActiveCfg = Release|Any CPU
		{A1CB81AB-6B21-4200-AA05-A25718D16A7A}.Release|x86.Build.0 = Release|Any CPU
		{4F90AE56-A10B-4A16-A230-AA1595EAEF91}.Debug|Any CPU.ActiveCfg = Debug|Any CPU
		{4F90AE56-A10B-4A16-A230-AA1595EAEF91}.Debug|Any CPU.Build.0 = Debug|Any CPU
		{4F90AE56-A10B-4A16-A230-AA1595EAEF91}.Debug|ARM.ActiveCfg = Debug|Any CPU
		{4F90AE56-A10B-4A16-A230-AA1595EAEF91}.Debug|ARM.Build.0 = Debug|Any CPU
		{4F90AE56-A10B-4A16-A230-AA1595EAEF91}.Debug|iPhone.ActiveCfg = Debug|Any CPU
		{4F90AE56-A10B-4A16-A230-AA1595EAEF91}.Debug|iPhone.Build.0 = Debug|Any CPU
		{4F90AE56-A10B-4A16-A230-AA1595EAEF91}.Debug|iPhoneSimulator.ActiveCfg = Debug|Any CPU
		{4F90AE56-A10B-4A16-A230-AA1595EAEF91}.Debug|iPhoneSimulator.Build.0 = Debug|Any CPU
		{4F90AE56-A10B-4A16-A230-AA1595EAEF91}.Debug|x64.ActiveCfg = Debug|Any CPU
		{4F90AE56-A10B-4A16-A230-AA1595EAEF91}.Debug|x64.Build.0 = Debug|Any CPU
		{4F90AE56-A10B-4A16-A230-AA1595EAEF91}.Debug|x86.ActiveCfg = Debug|Any CPU
		{4F90AE56-A10B-4A16-A230-AA1595EAEF91}.Debug|x86.Build.0 = Debug|Any CPU
		{4F90AE56-A10B-4A16-A230-AA1595EAEF91}.Release|Any CPU.ActiveCfg = Release|Any CPU
		{4F90AE56-A10B-4A16-A230-AA1595EAEF91}.Release|Any CPU.Build.0 = Release|Any CPU
		{4F90AE56-A10B-4A16-A230-AA1595EAEF91}.Release|ARM.ActiveCfg = Release|Any CPU
		{4F90AE56-A10B-4A16-A230-AA1595EAEF91}.Release|ARM.Build.0 = Release|Any CPU
		{4F90AE56-A10B-4A16-A230-AA1595EAEF91}.Release|iPhone.ActiveCfg = Release|Any CPU
		{4F90AE56-A10B-4A16-A230-AA1595EAEF91}.Release|iPhone.Build.0 = Release|Any CPU
		{4F90AE56-A10B-4A16-A230-AA1595EAEF91}.Release|iPhoneSimulator.ActiveCfg = Release|Any CPU
		{4F90AE56-A10B-4A16-A230-AA1595EAEF91}.Release|iPhoneSimulator.Build.0 = Release|Any CPU
		{4F90AE56-A10B-4A16-A230-AA1595EAEF91}.Release|x64.ActiveCfg = Release|Any CPU
		{4F90AE56-A10B-4A16-A230-AA1595EAEF91}.Release|x64.Build.0 = Release|Any CPU
		{4F90AE56-A10B-4A16-A230-AA1595EAEF91}.Release|x86.ActiveCfg = Release|Any CPU
		{4F90AE56-A10B-4A16-A230-AA1595EAEF91}.Release|x86.Build.0 = Release|Any CPU
		{EFDE11A2-C064-4189-82CF-31AA4BB6EB70}.Debug|Any CPU.ActiveCfg = Debug|Any CPU
		{EFDE11A2-C064-4189-82CF-31AA4BB6EB70}.Debug|Any CPU.Build.0 = Debug|Any CPU
		{EFDE11A2-C064-4189-82CF-31AA4BB6EB70}.Debug|ARM.ActiveCfg = Debug|Any CPU
		{EFDE11A2-C064-4189-82CF-31AA4BB6EB70}.Debug|ARM.Build.0 = Debug|Any CPU
		{EFDE11A2-C064-4189-82CF-31AA4BB6EB70}.Debug|iPhone.ActiveCfg = Debug|Any CPU
		{EFDE11A2-C064-4189-82CF-31AA4BB6EB70}.Debug|iPhone.Build.0 = Debug|Any CPU
		{EFDE11A2-C064-4189-82CF-31AA4BB6EB70}.Debug|iPhoneSimulator.ActiveCfg = Debug|Any CPU
		{EFDE11A2-C064-4189-82CF-31AA4BB6EB70}.Debug|iPhoneSimulator.Build.0 = Debug|Any CPU
		{EFDE11A2-C064-4189-82CF-31AA4BB6EB70}.Debug|x64.ActiveCfg = Debug|Any CPU
		{EFDE11A2-C064-4189-82CF-31AA4BB6EB70}.Debug|x64.Build.0 = Debug|Any CPU
		{EFDE11A2-C064-4189-82CF-31AA4BB6EB70}.Debug|x86.ActiveCfg = Debug|Any CPU
		{EFDE11A2-C064-4189-82CF-31AA4BB6EB70}.Debug|x86.Build.0 = Debug|Any CPU
		{EFDE11A2-C064-4189-82CF-31AA4BB6EB70}.Release|Any CPU.ActiveCfg = Release|Any CPU
		{EFDE11A2-C064-4189-82CF-31AA4BB6EB70}.Release|Any CPU.Build.0 = Release|Any CPU
		{EFDE11A2-C064-4189-82CF-31AA4BB6EB70}.Release|ARM.ActiveCfg = Release|Any CPU
		{EFDE11A2-C064-4189-82CF-31AA4BB6EB70}.Release|ARM.Build.0 = Release|Any CPU
		{EFDE11A2-C064-4189-82CF-31AA4BB6EB70}.Release|iPhone.ActiveCfg = Release|Any CPU
		{EFDE11A2-C064-4189-82CF-31AA4BB6EB70}.Release|iPhone.Build.0 = Release|Any CPU
		{EFDE11A2-C064-4189-82CF-31AA4BB6EB70}.Release|iPhoneSimulator.ActiveCfg = Release|Any CPU
		{EFDE11A2-C064-4189-82CF-31AA4BB6EB70}.Release|iPhoneSimulator.Build.0 = Release|Any CPU
		{EFDE11A2-C064-4189-82CF-31AA4BB6EB70}.Release|x64.ActiveCfg = Release|Any CPU
		{EFDE11A2-C064-4189-82CF-31AA4BB6EB70}.Release|x64.Build.0 = Release|Any CPU
		{EFDE11A2-C064-4189-82CF-31AA4BB6EB70}.Release|x86.ActiveCfg = Release|Any CPU
		{EFDE11A2-C064-4189-82CF-31AA4BB6EB70}.Release|x86.Build.0 = Release|Any CPU
		{99AD928A-10C3-4A3B-98F8-968E08A3C615}.Debug|Any CPU.ActiveCfg = Debug|x86
		{99AD928A-10C3-4A3B-98F8-968E08A3C615}.Debug|ARM.ActiveCfg = Debug|ARM
		{99AD928A-10C3-4A3B-98F8-968E08A3C615}.Debug|ARM.Build.0 = Debug|ARM
		{99AD928A-10C3-4A3B-98F8-968E08A3C615}.Debug|ARM.Deploy.0 = Debug|ARM
		{99AD928A-10C3-4A3B-98F8-968E08A3C615}.Debug|iPhone.ActiveCfg = Debug|x86
		{99AD928A-10C3-4A3B-98F8-968E08A3C615}.Debug|iPhoneSimulator.ActiveCfg = Debug|x86
		{99AD928A-10C3-4A3B-98F8-968E08A3C615}.Debug|x64.ActiveCfg = Debug|x64
		{99AD928A-10C3-4A3B-98F8-968E08A3C615}.Debug|x64.Build.0 = Debug|x64
		{99AD928A-10C3-4A3B-98F8-968E08A3C615}.Debug|x64.Deploy.0 = Debug|x64
		{99AD928A-10C3-4A3B-98F8-968E08A3C615}.Debug|x86.ActiveCfg = Debug|x86
		{99AD928A-10C3-4A3B-98F8-968E08A3C615}.Debug|x86.Build.0 = Debug|x86
		{99AD928A-10C3-4A3B-98F8-968E08A3C615}.Debug|x86.Deploy.0 = Debug|x86
		{99AD928A-10C3-4A3B-98F8-968E08A3C615}.Release|Any CPU.ActiveCfg = Release|x86
		{99AD928A-10C3-4A3B-98F8-968E08A3C615}.Release|ARM.ActiveCfg = Release|ARM
		{99AD928A-10C3-4A3B-98F8-968E08A3C615}.Release|ARM.Build.0 = Release|ARM
		{99AD928A-10C3-4A3B-98F8-968E08A3C615}.Release|ARM.Deploy.0 = Release|ARM
		{99AD928A-10C3-4A3B-98F8-968E08A3C615}.Release|iPhone.ActiveCfg = Release|x86
		{99AD928A-10C3-4A3B-98F8-968E08A3C615}.Release|iPhoneSimulator.ActiveCfg = Release|x86
		{99AD928A-10C3-4A3B-98F8-968E08A3C615}.Release|x64.ActiveCfg = Release|x64
		{99AD928A-10C3-4A3B-98F8-968E08A3C615}.Release|x64.Build.0 = Release|x64
		{99AD928A-10C3-4A3B-98F8-968E08A3C615}.Release|x64.Deploy.0 = Release|x64
		{99AD928A-10C3-4A3B-98F8-968E08A3C615}.Release|x86.ActiveCfg = Release|x86
		{99AD928A-10C3-4A3B-98F8-968E08A3C615}.Release|x86.Build.0 = Release|x86
		{99AD928A-10C3-4A3B-98F8-968E08A3C615}.Release|x86.Deploy.0 = Release|x86
		{3629DD45-E76F-4652-A3A5-B58033266A10}.Debug|Any CPU.ActiveCfg = Debug|Any CPU
		{3629DD45-E76F-4652-A3A5-B58033266A10}.Debug|Any CPU.Build.0 = Debug|Any CPU
		{3629DD45-E76F-4652-A3A5-B58033266A10}.Debug|Any CPU.Deploy.0 = Debug|Any CPU
		{3629DD45-E76F-4652-A3A5-B58033266A10}.Debug|ARM.ActiveCfg = Debug|Any CPU
		{3629DD45-E76F-4652-A3A5-B58033266A10}.Debug|ARM.Build.0 = Debug|Any CPU
		{3629DD45-E76F-4652-A3A5-B58033266A10}.Debug|ARM.Deploy.0 = Debug|Any CPU
		{3629DD45-E76F-4652-A3A5-B58033266A10}.Debug|iPhone.ActiveCfg = Debug|Any CPU
		{3629DD45-E76F-4652-A3A5-B58033266A10}.Debug|iPhone.Build.0 = Debug|Any CPU
		{3629DD45-E76F-4652-A3A5-B58033266A10}.Debug|iPhone.Deploy.0 = Debug|Any CPU
		{3629DD45-E76F-4652-A3A5-B58033266A10}.Debug|iPhoneSimulator.ActiveCfg = Debug|Any CPU
		{3629DD45-E76F-4652-A3A5-B58033266A10}.Debug|iPhoneSimulator.Build.0 = Debug|Any CPU
		{3629DD45-E76F-4652-A3A5-B58033266A10}.Debug|iPhoneSimulator.Deploy.0 = Debug|Any CPU
		{3629DD45-E76F-4652-A3A5-B58033266A10}.Debug|x64.ActiveCfg = Debug|Any CPU
		{3629DD45-E76F-4652-A3A5-B58033266A10}.Debug|x64.Build.0 = Debug|Any CPU
		{3629DD45-E76F-4652-A3A5-B58033266A10}.Debug|x64.Deploy.0 = Debug|Any CPU
		{3629DD45-E76F-4652-A3A5-B58033266A10}.Debug|x86.ActiveCfg = Debug|Any CPU
		{3629DD45-E76F-4652-A3A5-B58033266A10}.Debug|x86.Build.0 = Debug|Any CPU
		{3629DD45-E76F-4652-A3A5-B58033266A10}.Debug|x86.Deploy.0 = Debug|Any CPU
		{3629DD45-E76F-4652-A3A5-B58033266A10}.Release|Any CPU.ActiveCfg = Release|Any CPU
		{3629DD45-E76F-4652-A3A5-B58033266A10}.Release|Any CPU.Build.0 = Release|Any CPU
		{3629DD45-E76F-4652-A3A5-B58033266A10}.Release|Any CPU.Deploy.0 = Release|Any CPU
		{3629DD45-E76F-4652-A3A5-B58033266A10}.Release|ARM.ActiveCfg = Release|Any CPU
		{3629DD45-E76F-4652-A3A5-B58033266A10}.Release|ARM.Build.0 = Release|Any CPU
		{3629DD45-E76F-4652-A3A5-B58033266A10}.Release|ARM.Deploy.0 = Release|Any CPU
		{3629DD45-E76F-4652-A3A5-B58033266A10}.Release|iPhone.ActiveCfg = Release|Any CPU
		{3629DD45-E76F-4652-A3A5-B58033266A10}.Release|iPhone.Build.0 = Release|Any CPU
		{3629DD45-E76F-4652-A3A5-B58033266A10}.Release|iPhone.Deploy.0 = Release|Any CPU
		{3629DD45-E76F-4652-A3A5-B58033266A10}.Release|iPhoneSimulator.ActiveCfg = Release|Any CPU
		{3629DD45-E76F-4652-A3A5-B58033266A10}.Release|iPhoneSimulator.Build.0 = Release|Any CPU
		{3629DD45-E76F-4652-A3A5-B58033266A10}.Release|iPhoneSimulator.Deploy.0 = Release|Any CPU
		{3629DD45-E76F-4652-A3A5-B58033266A10}.Release|x64.ActiveCfg = Release|Any CPU
		{3629DD45-E76F-4652-A3A5-B58033266A10}.Release|x64.Build.0 = Release|Any CPU
		{3629DD45-E76F-4652-A3A5-B58033266A10}.Release|x64.Deploy.0 = Release|Any CPU
		{3629DD45-E76F-4652-A3A5-B58033266A10}.Release|x86.ActiveCfg = Release|Any CPU
		{3629DD45-E76F-4652-A3A5-B58033266A10}.Release|x86.Build.0 = Release|Any CPU
		{3629DD45-E76F-4652-A3A5-B58033266A10}.Release|x86.Deploy.0 = Release|Any CPU
		{1DF0A626-D0CF-431A-B6E0-360D3984906D}.Debug|Any CPU.ActiveCfg = Debug|Any CPU
		{1DF0A626-D0CF-431A-B6E0-360D3984906D}.Debug|Any CPU.Build.0 = Debug|Any CPU
		{1DF0A626-D0CF-431A-B6E0-360D3984906D}.Debug|ARM.ActiveCfg = Debug|Any CPU
		{1DF0A626-D0CF-431A-B6E0-360D3984906D}.Debug|ARM.Build.0 = Debug|Any CPU
		{1DF0A626-D0CF-431A-B6E0-360D3984906D}.Debug|iPhone.ActiveCfg = Debug|Any CPU
		{1DF0A626-D0CF-431A-B6E0-360D3984906D}.Debug|iPhone.Build.0 = Debug|Any CPU
		{1DF0A626-D0CF-431A-B6E0-360D3984906D}.Debug|iPhoneSimulator.ActiveCfg = Debug|Any CPU
		{1DF0A626-D0CF-431A-B6E0-360D3984906D}.Debug|iPhoneSimulator.Build.0 = Debug|Any CPU
		{1DF0A626-D0CF-431A-B6E0-360D3984906D}.Debug|x64.ActiveCfg = Debug|Any CPU
		{1DF0A626-D0CF-431A-B6E0-360D3984906D}.Debug|x64.Build.0 = Debug|Any CPU
		{1DF0A626-D0CF-431A-B6E0-360D3984906D}.Debug|x86.ActiveCfg = Debug|Any CPU
		{1DF0A626-D0CF-431A-B6E0-360D3984906D}.Debug|x86.Build.0 = Debug|Any CPU
		{1DF0A626-D0CF-431A-B6E0-360D3984906D}.Release|Any CPU.ActiveCfg = Release|Any CPU
		{1DF0A626-D0CF-431A-B6E0-360D3984906D}.Release|Any CPU.Build.0 = Release|Any CPU
		{1DF0A626-D0CF-431A-B6E0-360D3984906D}.Release|ARM.ActiveCfg = Release|Any CPU
		{1DF0A626-D0CF-431A-B6E0-360D3984906D}.Release|ARM.Build.0 = Release|Any CPU
		{1DF0A626-D0CF-431A-B6E0-360D3984906D}.Release|iPhone.ActiveCfg = Release|Any CPU
		{1DF0A626-D0CF-431A-B6E0-360D3984906D}.Release|iPhone.Build.0 = Release|Any CPU
		{1DF0A626-D0CF-431A-B6E0-360D3984906D}.Release|iPhoneSimulator.ActiveCfg = Release|Any CPU
		{1DF0A626-D0CF-431A-B6E0-360D3984906D}.Release|iPhoneSimulator.Build.0 = Release|Any CPU
		{1DF0A626-D0CF-431A-B6E0-360D3984906D}.Release|x64.ActiveCfg = Release|Any CPU
		{1DF0A626-D0CF-431A-B6E0-360D3984906D}.Release|x64.Build.0 = Release|Any CPU
		{1DF0A626-D0CF-431A-B6E0-360D3984906D}.Release|x86.ActiveCfg = Release|Any CPU
		{1DF0A626-D0CF-431A-B6E0-360D3984906D}.Release|x86.Build.0 = Release|Any CPU
	EndGlobalSection
	GlobalSection(SolutionProperties) = preSolution
		HideSolutionNode = FALSE
	EndGlobalSection
	GlobalSection(NestedProjects) = preSolution
		{99AD928A-10C3-4A3B-98F8-968E08A3C615} = {9F758995-B9A9-4ED1-97A6-EAE9F9E75F09}
		{3629DD45-E76F-4652-A3A5-B58033266A10} = {9F758995-B9A9-4ED1-97A6-EAE9F9E75F09}
		{1DF0A626-D0CF-431A-B6E0-360D3984906D} = {9F758995-B9A9-4ED1-97A6-EAE9F9E75F09}
	EndGlobalSection
	GlobalSection(ExtensibilityGlobals) = postSolution
		SolutionGuid = {98D4DBFF-A565-4AE1-B854-2174869F6BB2}
	EndGlobalSection
EndGlobal
